// !$*UTF8*$!
{
	archiveVersion = 1;
	classes = {
	};
	objectVersion = 56;
	objects = {

/* Begin PBXBuildFile section */
		81033680291B9A1C00E55A83 /* NoteModel.xcdatamodeld in Sources */ = {isa = PBXBuildFile; fileRef = 8103367D291B9A1C00E55A83 /* NoteModel.xcdatamodeld */; };
		81033683291B9A7000E55A83 /* NoteModel.xcdatamodeld in Sources */ = {isa = PBXBuildFile; fileRef = 81033681291B9A7000E55A83 /* NoteModel.xcdatamodeld */; };
		81033685291C25FF00E55A83 /* LandingPage.swift in Sources */ = {isa = PBXBuildFile; fileRef = 81033684291C25FF00E55A83 /* LandingPage.swift */; };
		8148FE43291B7BF5004D8547 /* CoreDataHelper.swift in Sources */ = {isa = PBXBuildFile; fileRef = 8148FE42291B7BF5004D8547 /* CoreDataHelper.swift */; };
		81DE3FF42918DEDE00349EC5 /* NotodayApp.swift in Sources */ = {isa = PBXBuildFile; fileRef = 81DE3FF32918DEDE00349EC5 /* NotodayApp.swift */; };
		81DE3FF62918DEDE00349EC5 /* ContentView.swift in Sources */ = {isa = PBXBuildFile; fileRef = 81DE3FF52918DEDE00349EC5 /* ContentView.swift */; };
		81DE3FF82918DEEA00349EC5 /* Assets.xcassets in Resources */ = {isa = PBXBuildFile; fileRef = 81DE3FF72918DEEA00349EC5 /* Assets.xcassets */; };
		81DE3FFB2918DEEA00349EC5 /* Preview Assets.xcassets in Resources */ = {isa = PBXBuildFile; fileRef = 81DE3FFA2918DEEA00349EC5 /* Preview Assets.xcassets */; };
		81DE400A2918DEEC00349EC5 /* NotodayTests.swift in Sources */ = {isa = PBXBuildFile; fileRef = 81DE40092918DEEC00349EC5 /* NotodayTests.swift */; };
		81DE40142918DEEC00349EC5 /* NotodayUITests.swift in Sources */ = {isa = PBXBuildFile; fileRef = 81DE40132918DEEC00349EC5 /* NotodayUITests.swift */; };
		81DE40162918DEEC00349EC5 /* NotodayUITestsLaunchTests.swift in Sources */ = {isa = PBXBuildFile; fileRef = 81DE40152918DEEC00349EC5 /* NotodayUITestsLaunchTests.swift */; };
		81DE40272918E49000349EC5 /* HomePage.swift in Sources */ = {isa = PBXBuildFile; fileRef = 81DE40262918E48F00349EC5 /* HomePage.swift */; };
		81DE40292918E4CC00349EC5 /* NotePage.swift in Sources */ = {isa = PBXBuildFile; fileRef = 81DE40282918E4CC00349EC5 /* NotePage.swift */; };
/* End PBXBuildFile section */

/* Begin PBXContainerItemProxy section */
		81DE40062918DEEC00349EC5 /* PBXContainerItemProxy */ = {
			isa = PBXContainerItemProxy;
			containerPortal = 81DE3FE82918DEDE00349EC5 /* Project object */;
			proxyType = 1;
			remoteGlobalIDString = 81DE3FEF2918DEDE00349EC5;
			remoteInfo = Notoday;
		};
		81DE40102918DEEC00349EC5 /* PBXContainerItemProxy */ = {
			isa = PBXContainerItemProxy;
			containerPortal = 81DE3FE82918DEDE00349EC5 /* Project object */;
			proxyType = 1;
			remoteGlobalIDString = 81DE3FEF2918DEDE00349EC5;
			remoteInfo = Notoday;
		};
/* End PBXContainerItemProxy section */

/* Begin PBXFileReference section */
		8103367E291B9A1C00E55A83 /* Notoday.xcdatamodel */ = {isa = PBXFileReference; lastKnownFileType = wrapper.xcdatamodel; path = Notoday.xcdatamodel; sourceTree = "<group>"; };
		8103367F291B9A1C00E55A83 /* NoteModel.xcdatamodel */ = {isa = PBXFileReference; lastKnownFileType = wrapper.xcdatamodel; path = NoteModel.xcdatamodel; sourceTree = "<group>"; };
		81033682291B9A7000E55A83 /* NoteModel.xcdatamodel */ = {isa = PBXFileReference; lastKnownFileType = wrapper.xcdatamodel; path = NoteModel.xcdatamodel; sourceTree = "<group>"; };
		81033684291C25FF00E55A83 /* LandingPage.swift */ = {isa = PBXFileReference; lastKnownFileType = sourcecode.swift; path = LandingPage.swift; sourceTree = "<group>"; };
		8148FE42291B7BF5004D8547 /* CoreDataHelper.swift */ = {isa = PBXFileReference; lastKnownFileType = sourcecode.swift; path = CoreDataHelper.swift; sourceTree = "<group>"; };
		81DE3FF02918DEDE00349EC5 /* Notoday.app */ = {isa = PBXFileReference; explicitFileType = wrapper.application; includeInIndex = 0; path = Notoday.app; sourceTree = BUILT_PRODUCTS_DIR; };
		81DE3FF32918DEDE00349EC5 /* NotodayApp.swift */ = {isa = PBXFileReference; lastKnownFileType = sourcecode.swift; path = NotodayApp.swift; sourceTree = "<group>"; };
		81DE3FF52918DEDE00349EC5 /* ContentView.swift */ = {isa = PBXFileReference; lastKnownFileType = sourcecode.swift; path = ContentView.swift; sourceTree = "<group>"; };
		81DE3FF72918DEEA00349EC5 /* Assets.xcassets */ = {isa = PBXFileReference; lastKnownFileType = folder.assetcatalog; path = Assets.xcassets; sourceTree = "<group>"; };
		81DE3FFA2918DEEA00349EC5 /* Preview Assets.xcassets */ = {isa = PBXFileReference; lastKnownFileType = folder.assetcatalog; path = "Preview Assets.xcassets"; sourceTree = "<group>"; };
		81DE40052918DEEC00349EC5 /* NotodayTests.xctest */ = {isa = PBXFileReference; explicitFileType = wrapper.cfbundle; includeInIndex = 0; path = NotodayTests.xctest; sourceTree = BUILT_PRODUCTS_DIR; };
		81DE40092918DEEC00349EC5 /* NotodayTests.swift */ = {isa = PBXFileReference; lastKnownFileType = sourcecode.swift; path = NotodayTests.swift; sourceTree = "<group>"; };
		81DE400F2918DEEC00349EC5 /* NotodayUITests.xctest */ = {isa = PBXFileReference; explicitFileType = wrapper.cfbundle; includeInIndex = 0; path = NotodayUITests.xctest; sourceTree = BUILT_PRODUCTS_DIR; };
		81DE40132918DEEC00349EC5 /* NotodayUITests.swift */ = {isa = PBXFileReference; lastKnownFileType = sourcecode.swift; path = NotodayUITests.swift; sourceTree = "<group>"; };
		81DE40152918DEEC00349EC5 /* NotodayUITestsLaunchTests.swift */ = {isa = PBXFileReference; lastKnownFileType = sourcecode.swift; path = NotodayUITestsLaunchTests.swift; sourceTree = "<group>"; };
		81DE40262918E48F00349EC5 /* HomePage.swift */ = {isa = PBXFileReference; lastKnownFileType = sourcecode.swift; path = HomePage.swift; sourceTree = "<group>"; };
		81DE40282918E4CC00349EC5 /* NotePage.swift */ = {isa = PBXFileReference; lastKnownFileType = sourcecode.swift; path = NotePage.swift; sourceTree = "<group>"; };
/* End PBXFileReference section */

/* Begin PBXFrameworksBuildPhase section */
		81DE3FED2918DEDE00349EC5 /* Frameworks */ = {
			isa = PBXFrameworksBuildPhase;
			buildActionMask = 2147483647;
			files = (
			);
			runOnlyForDeploymentPostprocessing = 0;
		};
		81DE40022918DEEC00349EC5 /* Frameworks */ = {
			isa = PBXFrameworksBuildPhase;
			buildActionMask = 2147483647;
			files = (
			);
			runOnlyForDeploymentPostprocessing = 0;
		};
		81DE400C2918DEEC00349EC5 /* Frameworks */ = {
			isa = PBXFrameworksBuildPhase;
			buildActionMask = 2147483647;
			files = (
			);
			runOnlyForDeploymentPostprocessing = 0;
		};
/* End PBXFrameworksBuildPhase section */

/* Begin PBXGroup section */
		8148FE41291B7BCE004D8547 /* Helpers */ = {
			isa = PBXGroup;
			children = (
				8148FE42291B7BF5004D8547 /* CoreDataHelper.swift */,
			);
			path = Helpers;
			sourceTree = "<group>";
		};
		81DE3FE72918DEDD00349EC5 = {
			isa = PBXGroup;
			children = (
				81DE3FF22918DEDE00349EC5 /* Notoday */,
				81DE40082918DEEC00349EC5 /* NotodayTests */,
				81DE40122918DEEC00349EC5 /* NotodayUITests */,
				81DE3FF12918DEDE00349EC5 /* Products */,
			);
			sourceTree = "<group>";
		};
		81DE3FF12918DEDE00349EC5 /* Products */ = {
			isa = PBXGroup;
			children = (
				81DE3FF02918DEDE00349EC5 /* Notoday.app */,
				81DE40052918DEEC00349EC5 /* NotodayTests.xctest */,
				81DE400F2918DEEC00349EC5 /* NotodayUITests.xctest */,
			);
			name = Products;
			sourceTree = "<group>";
		};
		81DE3FF22918DEDE00349EC5 /* Notoday */ = {
			isa = PBXGroup;
			children = (
				81DE3FF32918DEDE00349EC5 /* NotodayApp.swift */,
				8148FE41291B7BCE004D8547 /* Helpers */,
				81DE3FF52918DEDE00349EC5 /* ContentView.swift */,
				81033684291C25FF00E55A83 /* LandingPage.swift */,
				81DE40262918E48F00349EC5 /* HomePage.swift */,
				81DE40282918E4CC00349EC5 /* NotePage.swift */,
				81033681291B9A7000E55A83 /* NoteModel.xcdatamodeld */,
				81DE3FF72918DEEA00349EC5 /* Assets.xcassets */,
				81DE3FF92918DEEA00349EC5 /* Preview Content */,
				8103367D291B9A1C00E55A83 /* NoteModel.xcdatamodeld */,
			);
			path = Notoday;
			sourceTree = "<group>";
		};
		81DE3FF92918DEEA00349EC5 /* Preview Content */ = {
			isa = PBXGroup;
			children = (
				81DE3FFA2918DEEA00349EC5 /* Preview Assets.xcassets */,
			);
			path = "Preview Content";
			sourceTree = "<group>";
		};
		81DE40082918DEEC00349EC5 /* NotodayTests */ = {
			isa = PBXGroup;
			children = (
				81DE40092918DEEC00349EC5 /* NotodayTests.swift */,
			);
			path = NotodayTests;
			sourceTree = "<group>";
		};
		81DE40122918DEEC00349EC5 /* NotodayUITests */ = {
			isa = PBXGroup;
			children = (
				81DE40132918DEEC00349EC5 /* NotodayUITests.swift */,
				81DE40152918DEEC00349EC5 /* NotodayUITestsLaunchTests.swift */,
			);
			path = NotodayUITests;
			sourceTree = "<group>";
		};
/* End PBXGroup section */

/* Begin PBXNativeTarget section */
		81DE3FEF2918DEDE00349EC5 /* Notoday */ = {
			isa = PBXNativeTarget;
			buildConfigurationList = 81DE40192918DEEC00349EC5 /* Build configuration list for PBXNativeTarget "Notoday" */;
			buildPhases = (
				81DE3FEC2918DEDE00349EC5 /* Sources */,
				81DE3FED2918DEDE00349EC5 /* Frameworks */,
				81DE3FEE2918DEDE00349EC5 /* Resources */,
			);
			buildRules = (
			);
			dependencies = (
			);
			name = Notoday;
			productName = Notoday;
			productReference = 81DE3FF02918DEDE00349EC5 /* Notoday.app */;
			productType = "com.apple.product-type.application";
		};
		81DE40042918DEEC00349EC5 /* NotodayTests */ = {
			isa = PBXNativeTarget;
			buildConfigurationList = 81DE401C2918DEEC00349EC5 /* Build configuration list for PBXNativeTarget "NotodayTests" */;
			buildPhases = (
				81DE40012918DEEC00349EC5 /* Sources */,
				81DE40022918DEEC00349EC5 /* Frameworks */,
				81DE40032918DEEC00349EC5 /* Resources */,
			);
			buildRules = (
			);
			dependencies = (
				81DE40072918DEEC00349EC5 /* PBXTargetDependency */,
			);
			name = NotodayTests;
			productName = NotodayTests;
			productReference = 81DE40052918DEEC00349EC5 /* NotodayTests.xctest */;
			productType = "com.apple.product-type.bundle.unit-test";
		};
		81DE400E2918DEEC00349EC5 /* NotodayUITests */ = {
			isa = PBXNativeTarget;
			buildConfigurationList = 81DE401F2918DEEC00349EC5 /* Build configuration list for PBXNativeTarget "NotodayUITests" */;
			buildPhases = (
				81DE400B2918DEEC00349EC5 /* Sources */,
				81DE400C2918DEEC00349EC5 /* Frameworks */,
				81DE400D2918DEEC00349EC5 /* Resources */,
			);
			buildRules = (
			);
			dependencies = (
				81DE40112918DEEC00349EC5 /* PBXTargetDependency */,
			);
			name = NotodayUITests;
			productName = NotodayUITests;
			productReference = 81DE400F2918DEEC00349EC5 /* NotodayUITests.xctest */;
			productType = "com.apple.product-type.bundle.ui-testing";
		};
/* End PBXNativeTarget section */

/* Begin PBXProject section */
		81DE3FE82918DEDE00349EC5 /* Project object */ = {
			isa = PBXProject;
			attributes = {
				BuildIndependentTargetsInParallel = 1;
				LastSwiftUpdateCheck = 1400;
				LastUpgradeCheck = 1400;
				TargetAttributes = {
					81DE3FEF2918DEDE00349EC5 = {
						CreatedOnToolsVersion = 14.0;
					};
					81DE40042918DEEC00349EC5 = {
						CreatedOnToolsVersion = 14.0;
						TestTargetID = 81DE3FEF2918DEDE00349EC5;
					};
					81DE400E2918DEEC00349EC5 = {
						CreatedOnToolsVersion = 14.0;
						TestTargetID = 81DE3FEF2918DEDE00349EC5;
					};
				};
			};
			buildConfigurationList = 81DE3FEB2918DEDE00349EC5 /* Build configuration list for PBXProject "Notoday" */;
			compatibilityVersion = "Xcode 14.0";
			developmentRegion = en;
			hasScannedForEncodings = 0;
			knownRegions = (
				en,
				Base,
			);
			mainGroup = 81DE3FE72918DEDD00349EC5;
			productRefGroup = 81DE3FF12918DEDE00349EC5 /* Products */;
			projectDirPath = "";
			projectRoot = "";
			targets = (
				81DE3FEF2918DEDE00349EC5 /* Notoday */,
				81DE40042918DEEC00349EC5 /* NotodayTests */,
				81DE400E2918DEEC00349EC5 /* NotodayUITests */,
			);
		};
/* End PBXProject section */

/* Begin PBXResourcesBuildPhase section */
		81DE3FEE2918DEDE00349EC5 /* Resources */ = {
			isa = PBXResourcesBuildPhase;
			buildActionMask = 2147483647;
			files = (
				81DE3FFB2918DEEA00349EC5 /* Preview Assets.xcassets in Resources */,
				81DE3FF82918DEEA00349EC5 /* Assets.xcassets in Resources */,
			);
			runOnlyForDeploymentPostprocessing = 0;
		};
		81DE40032918DEEC00349EC5 /* Resources */ = {
			isa = PBXResourcesBuildPhase;
			buildActionMask = 2147483647;
			files = (
			);
			runOnlyForDeploymentPostprocessing = 0;
		};
		81DE400D2918DEEC00349EC5 /* Resources */ = {
			isa = PBXResourcesBuildPhase;
			buildActionMask = 2147483647;
			files = (
			);
			runOnlyForDeploymentPostprocessing = 0;
		};
/* End PBXResourcesBuildPhase section */

/* Begin PBXSourcesBuildPhase section */
		81DE3FEC2918DEDE00349EC5 /* Sources */ = {
			isa = PBXSourcesBuildPhase;
			buildActionMask = 2147483647;
			files = (
				8148FE43291B7BF5004D8547 /* CoreDataHelper.swift in Sources */,
				81DE3FF62918DEDE00349EC5 /* ContentView.swift in Sources */,
				81033683291B9A7000E55A83 /* NoteModel.xcdatamodeld in Sources */,
				81DE40292918E4CC00349EC5 /* NotePage.swift in Sources */,
				81DE3FF42918DEDE00349EC5 /* NotodayApp.swift in Sources */,
				81DE40272918E49000349EC5 /* HomePage.swift in Sources */,
				81033685291C25FF00E55A83 /* LandingPage.swift in Sources */,
				81033680291B9A1C00E55A83 /* NoteModel.xcdatamodeld in Sources */,
			);
			runOnlyForDeploymentPostprocessing = 0;
		};
		81DE40012918DEEC00349EC5 /* Sources */ = {
			isa = PBXSourcesBuildPhase;
			buildActionMask = 2147483647;
			files = (
				81DE400A2918DEEC00349EC5 /* NotodayTests.swift in Sources */,
			);
			runOnlyForDeploymentPostprocessing = 0;
		};
		81DE400B2918DEEC00349EC5 /* Sources */ = {
			isa = PBXSourcesBuildPhase;
			buildActionMask = 2147483647;
			files = (
				81DE40142918DEEC00349EC5 /* NotodayUITests.swift in Sources */,
				81DE40162918DEEC00349EC5 /* NotodayUITestsLaunchTests.swift in Sources */,
			);
			runOnlyForDeploymentPostprocessing = 0;
		};
/* End PBXSourcesBuildPhase section */

/* Begin PBXTargetDependency section */
		81DE40072918DEEC00349EC5 /* PBXTargetDependency */ = {
			isa = PBXTargetDependency;
			target = 81DE3FEF2918DEDE00349EC5 /* Notoday */;
			targetProxy = 81DE40062918DEEC00349EC5 /* PBXContainerItemProxy */;
		};
		81DE40112918DEEC00349EC5 /* PBXTargetDependency */ = {
			isa = PBXTargetDependency;
			target = 81DE3FEF2918DEDE00349EC5 /* Notoday */;
			targetProxy = 81DE40102918DEEC00349EC5 /* PBXContainerItemProxy */;
		};
/* End PBXTargetDependency section */

/* Begin XCBuildConfiguration section */
		81DE40172918DEEC00349EC5 /* Debug */ = {
			isa = XCBuildConfiguration;
			buildSettings = {
				ALWAYS_SEARCH_USER_PATHS = NO;
				CLANG_ANALYZER_NONNULL = YES;
				CLANG_ANALYZER_NUMBER_OBJECT_CONVERSION = YES_AGGRESSIVE;
				CLANG_CXX_LANGUAGE_STANDARD = "gnu++20";
				CLANG_ENABLE_MODULES = YES;
				CLANG_ENABLE_OBJC_ARC = YES;
				CLANG_ENABLE_OBJC_WEAK = YES;
				CLANG_WARN_BLOCK_CAPTURE_AUTORELEASING = YES;
				CLANG_WARN_BOOL_CONVERSION = YES;
				CLANG_WARN_COMMA = YES;
				CLANG_WARN_CONSTANT_CONVERSION = YES;
				CLANG_WARN_DEPRECATED_OBJC_IMPLEMENTATIONS = YES;
				CLANG_WARN_DIRECT_OBJC_ISA_USAGE = YES_ERROR;
				CLANG_WARN_DOCUMENTATION_COMMENTS = YES;
				CLANG_WARN_EMPTY_BODY = YES;
				CLANG_WARN_ENUM_CONVERSION = YES;
				CLANG_WARN_INFINITE_RECURSION = YES;
				CLANG_WARN_INT_CONVERSION = YES;
				CLANG_WARN_NON_LITERAL_NULL_CONVERSION = YES;
				CLANG_WARN_OBJC_IMPLICIT_RETAIN_SELF = YES;
				CLANG_WARN_OBJC_LITERAL_CONVERSION = YES;
				CLANG_WARN_OBJC_ROOT_CLASS = YES_ERROR;
				CLANG_WARN_QUOTED_INCLUDE_IN_FRAMEWORK_HEADER = YES;
				CLANG_WARN_RANGE_LOOP_ANALYSIS = YES;
				CLANG_WARN_STRICT_PROTOTYPES = YES;
				CLANG_WARN_SUSPICIOUS_MOVE = YES;
				CLANG_WARN_UNGUARDED_AVAILABILITY = YES_AGGRESSIVE;
				CLANG_WARN_UNREACHABLE_CODE = YES;
				CLANG_WARN__DUPLICATE_METHOD_MATCH = YES;
				COPY_PHASE_STRIP = NO;
				DEBUG_INFORMATION_FORMAT = dwarf;
				ENABLE_STRICT_OBJC_MSGSEND = YES;
				ENABLE_TESTABILITY = YES;
				GCC_C_LANGUAGE_STANDARD = gnu11;
				GCC_DYNAMIC_NO_PIC = NO;
				GCC_NO_COMMON_BLOCKS = YES;
				GCC_OPTIMIZATION_LEVEL = 0;
				GCC_PREPROCESSOR_DEFINITIONS = (
					"DEBUG=1",
					"$(inherited)",
				);
				GCC_WARN_64_TO_32_BIT_CONVERSION = YES;
				GCC_WARN_ABOUT_RETURN_TYPE = YES_ERROR;
				GCC_WARN_UNDECLARED_SELECTOR = YES;
				GCC_WARN_UNINITIALIZED_AUTOS = YES_AGGRESSIVE;
				GCC_WARN_UNUSED_FUNCTION = YES;
				GCC_WARN_UNUSED_VARIABLE = YES;
				IPHONEOS_DEPLOYMENT_TARGET = 16.0;
				MTL_ENABLE_DEBUG_INFO = INCLUDE_SOURCE;
				MTL_FAST_MATH = YES;
				ONLY_ACTIVE_ARCH = YES;
				SDKROOT = iphoneos;
				SWIFT_ACTIVE_COMPILATION_CONDITIONS = DEBUG;
				SWIFT_OPTIMIZATION_LEVEL = "-Onone";
			};
			name = Debug;
		};
		81DE40182918DEEC00349EC5 /* Release */ = {
			isa = XCBuildConfiguration;
			buildSettings = {
				ALWAYS_SEARCH_USER_PATHS = NO;
				CLANG_ANALYZER_NONNULL = YES;
				CLANG_ANALYZER_NUMBER_OBJECT_CONVERSION = YES_AGGRESSIVE;
				CLANG_CXX_LANGUAGE_STANDARD = "gnu++20";
				CLANG_ENABLE_MODULES = YES;
				CLANG_ENABLE_OBJC_ARC = YES;
				CLANG_ENABLE_OBJC_WEAK = YES;
				CLANG_WARN_BLOCK_CAPTURE_AUTORELEASING = YES;
				CLANG_WARN_BOOL_CONVERSION = YES;
				CLANG_WARN_COMMA = YES;
				CLANG_WARN_CONSTANT_CONVERSION = YES;
				CLANG_WARN_DEPRECATED_OBJC_IMPLEMENTATIONS = YES;
				CLANG_WARN_DIRECT_OBJC_ISA_USAGE = YES_ERROR;
				CLANG_WARN_DOCUMENTATION_COMMENTS = YES;
				CLANG_WARN_EMPTY_BODY = YES;
				CLANG_WARN_ENUM_CONVERSION = YES;
				CLANG_WARN_INFINITE_RECURSION = YES;
				CLANG_WARN_INT_CONVERSION = YES;
				CLANG_WARN_NON_LITERAL_NULL_CONVERSION = YES;
				CLANG_WARN_OBJC_IMPLICIT_RETAIN_SELF = YES;
				CLANG_WARN_OBJC_LITERAL_CONVERSION = YES;
				CLANG_WARN_OBJC_ROOT_CLASS = YES_ERROR;
				CLANG_WARN_QUOTED_INCLUDE_IN_FRAMEWORK_HEADER = YES;
				CLANG_WARN_RANGE_LOOP_ANALYSIS = YES;
				CLANG_WARN_STRICT_PROTOTYPES = YES;
				CLANG_WARN_SUSPICIOUS_MOVE = YES;
				CLANG_WARN_UNGUARDED_AVAILABILITY = YES_AGGRESSIVE;
				CLANG_WARN_UNREACHABLE_CODE = YES;
				CLANG_WARN__DUPLICATE_METHOD_MATCH = YES;
				COPY_PHASE_STRIP = NO;
				DEBUG_INFORMATION_FORMAT = "dwarf-with-dsym";
				ENABLE_NS_ASSERTIONS = NO;
				ENABLE_STRICT_OBJC_MSGSEND = YES;
				GCC_C_LANGUAGE_STANDARD = gnu11;
				GCC_NO_COMMON_BLOCKS = YES;
				GCC_WARN_64_TO_32_BIT_CONVERSION = YES;
				GCC_WARN_ABOUT_RETURN_TYPE = YES_ERROR;
				GCC_WARN_UNDECLARED_SELECTOR = YES;
				GCC_WARN_UNINITIALIZED_AUTOS = YES_AGGRESSIVE;
				GCC_WARN_UNUSED_FUNCTION = YES;
				GCC_WARN_UNUSED_VARIABLE = YES;
				IPHONEOS_DEPLOYMENT_TARGET = 16.0;
				MTL_ENABLE_DEBUG_INFO = NO;
				MTL_FAST_MATH = YES;
				SDKROOT = iphoneos;
				SWIFT_COMPILATION_MODE = wholemodule;
				SWIFT_OPTIMIZATION_LEVEL = "-O";
				VALIDATE_PRODUCT = YES;
			};
			name = Release;
		};
		81DE401A2918DEEC00349EC5 /* Debug */ = {
			isa = XCBuildConfiguration;
			buildSettings = {
				ASSETCATALOG_COMPILER_APPICON_NAME = AppIcon;
				ASSETCATALOG_COMPILER_GLOBAL_ACCENT_COLOR_NAME = AccentColor;
				CODE_SIGN_STYLE = Automatic;
				CURRENT_PROJECT_VERSION = 1;
				DEVELOPMENT_ASSET_PATHS = "\"Notoday/Preview Content\"";
				DEVELOPMENT_TEAM = NM8GZ27V3C;
				ENABLE_PREVIEWS = YES;
				GENERATE_INFOPLIST_FILE = YES;
				INFOPLIST_KEY_UIApplicationSceneManifest_Generation = YES;
				INFOPLIST_KEY_UIApplicationSupportsIndirectInputEvents = YES;
				INFOPLIST_KEY_UILaunchScreen_Generation = YES;
				INFOPLIST_KEY_UISupportedInterfaceOrientations_iPad = "UIInterfaceOrientationPortrait UIInterfaceOrientationPortraitUpsideDown UIInterfaceOrientationLandscapeLeft UIInterfaceOrientationLandscapeRight";
				INFOPLIST_KEY_UISupportedInterfaceOrientations_iPhone = "UIInterfaceOrientationPortrait UIInterfaceOrientationLandscapeLeft UIInterfaceOrientationLandscapeRight";
				LD_RUNPATH_SEARCH_PATHS = (
					"$(inherited)",
					"@executable_path/Frameworks",
				);
				MARKETING_VERSION = 1.0;
				PRODUCT_BUNDLE_IDENTIFIER = jam.Notoday;
				PRODUCT_NAME = "$(TARGET_NAME)";
				SWIFT_EMIT_LOC_STRINGS = YES;
				SWIFT_VERSION = 5.0;
				TARGETED_DEVICE_FAMILY = "1,2";
			};
			name = Debug;
		};
		81DE401B2918DEEC00349EC5 /* Release */ = {
			isa = XCBuildConfiguration;
			buildSettings = {
				ASSETCATALOG_COMPILER_APPICON_NAME = AppIcon;
				ASSETCATALOG_COMPILER_GLOBAL_ACCENT_COLOR_NAME = AccentColor;
				CODE_SIGN_STYLE = Automatic;
				CURRENT_PROJECT_VERSION = 1;
				DEVELOPMENT_ASSET_PATHS = "\"Notoday/Preview Content\"";
				DEVELOPMENT_TEAM = NM8GZ27V3C;
				ENABLE_PREVIEWS = YES;
				GENERATE_INFOPLIST_FILE = YES;
				INFOPLIST_KEY_UIApplicationSceneManifest_Generation = YES;
				INFOPLIST_KEY_UIApplicationSupportsIndirectInputEvents = YES;
				INFOPLIST_KEY_UILaunchScreen_Generation = YES;
				INFOPLIST_KEY_UISupportedInterfaceOrientations_iPad = "UIInterfaceOrientationPortrait UIInterfaceOrientationPortraitUpsideDown UIInterfaceOrientationLandscapeLeft UIInterfaceOrientationLandscapeRight";
				INFOPLIST_KEY_UISupportedInterfaceOrientations_iPhone = "UIInterfaceOrientationPortrait UIInterfaceOrientationLandscapeLeft UIInterfaceOrientationLandscapeRight";
				LD_RUNPATH_SEARCH_PATHS = (
					"$(inherited)",
					"@executable_path/Frameworks",
				);
				MARKETING_VERSION = 1.0;
				PRODUCT_BUNDLE_IDENTIFIER = jam.Notoday;
				PRODUCT_NAME = "$(TARGET_NAME)";
				SWIFT_EMIT_LOC_STRINGS = YES;
				SWIFT_VERSION = 5.0;
				TARGETED_DEVICE_FAMILY = "1,2";
			};
			name = Release;
		};
		81DE401D2918DEEC00349EC5 /* Debug */ = {
			isa = XCBuildConfiguration;
			buildSettings = {
				ALWAYS_EMBED_SWIFT_STANDARD_LIBRARIES = YES;
				BUNDLE_LOADER = "$(TEST_HOST)";
				CODE_SIGN_STYLE = Automatic;
				CURRENT_PROJECT_VERSION = 1;
				DEVELOPMENT_TEAM = NM8GZ27V3C;
				GENERATE_INFOPLIST_FILE = YES;
				IPHONEOS_DEPLOYMENT_TARGET = 16.0;
				MARKETING_VERSION = 1.0;
				PRODUCT_BUNDLE_IDENTIFIER = jam.NotodayTests;
				PRODUCT_NAME = "$(TARGET_NAME)";
				SWIFT_EMIT_LOC_STRINGS = NO;
				SWIFT_VERSION = 5.0;
				TARGETED_DEVICE_FAMILY = "1,2";
				TEST_HOST = "$(BUILT_PRODUCTS_DIR)/Notoday.app/$(BUNDLE_EXECUTABLE_FOLDER_PATH)/Notoday";
			};
			name = Debug;
		};
		81DE401E2918DEEC00349EC5 /* Release */ = {
			isa = XCBuildConfiguration;
			buildSettings = {
				ALWAYS_EMBED_SWIFT_STANDARD_LIBRARIES = YES;
				BUNDLE_LOADER = "$(TEST_HOST)";
				CODE_SIGN_STYLE = Automatic;
				CURRENT_PROJECT_VERSION = 1;
				DEVELOPMENT_TEAM = NM8GZ27V3C;
				GENERATE_INFOPLIST_FILE = YES;
				IPHONEOS_DEPLOYMENT_TARGET = 16.0;
				MARKETING_VERSION = 1.0;
				PRODUCT_BUNDLE_IDENTIFIER = jam.NotodayTests;
				PRODUCT_NAME = "$(TARGET_NAME)";
				SWIFT_EMIT_LOC_STRINGS = NO;
				SWIFT_VERSION = 5.0;
				TARGETED_DEVICE_FAMILY = "1,2";
				TEST_HOST = "$(BUILT_PRODUCTS_DIR)/Notoday.app/$(BUNDLE_EXECUTABLE_FOLDER_PATH)/Notoday";
			};
			name = Release;
		};
		81DE40202918DEEC00349EC5 /* Debug */ = {
			isa = XCBuildConfiguration;
			buildSettings = {
				ALWAYS_EMBED_SWIFT_STANDARD_LIBRARIES = YES;
				CODE_SIGN_STYLE = Automatic;
				CURRENT_PROJECT_VERSION = 1;
				DEVELOPMENT_TEAM = NM8GZ27V3C;
				GENERATE_INFOPLIST_FILE = YES;
				MARKETING_VERSION = 1.0;
				PRODUCT_BUNDLE_IDENTIFIER = jam.NotodayUITests;
				PRODUCT_NAME = "$(TARGET_NAME)";
				SWIFT_EMIT_LOC_STRINGS = NO;
				SWIFT_VERSION = 5.0;
				TARGETED_DEVICE_FAMILY = "1,2";
				TEST_TARGET_NAME = Notoday;
			};
			name = Debug;
		};
		81DE40212918DEEC00349EC5 /* Release */ = {
			isa = XCBuildConfiguration;
			buildSettings = {
				ALWAYS_EMBED_SWIFT_STANDARD_LIBRARIES = YES;
				CODE_SIGN_STYLE = Automatic;
				CURRENT_PROJECT_VERSION = 1;
				DEVELOPMENT_TEAM = NM8GZ27V3C;
				GENERATE_INFOPLIST_FILE = YES;
				MARKETING_VERSION = 1.0;
				PRODUCT_BUNDLE_IDENTIFIER = jam.NotodayUITests;
				PRODUCT_NAME = "$(TARGET_NAME)";
				SWIFT_EMIT_LOC_STRINGS = NO;
				SWIFT_VERSION = 5.0;
				TARGETED_DEVICE_FAMILY = "1,2";
				TEST_TARGET_NAME = Notoday;
			};
			name = Release;
		};
/* End XCBuildConfiguration section */

/* Begin XCConfigurationList section */
		81DE3FEB2918DEDE00349EC5 /* Build configuration list for PBXProject "Notoday" */ = {
			isa = XCConfigurationList;
			buildConfigurations = (
				81DE40172918DEEC00349EC5 /* Debug */,
				81DE40182918DEEC00349EC5 /* Release */,
			);
			defaultConfigurationIsVisible = 0;
			defaultConfigurationName = Release;
		};
		81DE40192918DEEC00349EC5 /* Build configuration list for PBXNativeTarget "Notoday" */ = {
			isa = XCConfigurationList;
			buildConfigurations = (
				81DE401A2918DEEC00349EC5 /* Debug */,
				81DE401B2918DEEC00349EC5 /* Release */,
			);
			defaultConfigurationIsVisible = 0;
			defaultConfigurationName = Release;
		};
		81DE401C2918DEEC00349EC5 /* Build configuration list for PBXNativeTarget "NotodayTests" */ = {
			isa = XCConfigurationList;
			buildConfigurations = (
				81DE401D2918DEEC00349EC5 /* Debug */,
				81DE401E2918DEEC00349EC5 /* Release */,
			);
			defaultConfigurationIsVisible = 0;
			defaultConfigurationName = Release;
		};
		81DE401F2918DEEC00349EC5 /* Build configuration list for PBXNativeTarget "NotodayUITests" */ = {
			isa = XCConfigurationList;
			buildConfigurations = (
				81DE40202918DEEC00349EC5 /* Debug */,
				81DE40212918DEEC00349EC5 /* Release */,
			);
			defaultConfigurationIsVisible = 0;
			defaultConfigurationName = Release;
		};
/* End XCConfigurationList section */

/* Begin XCVersionGroup section */
		8103367D291B9A1C00E55A83 /* NoteModel.xcdatamodeld */ = {
			isa = XCVersionGroup;
			children = (
				8103367E291B9A1C00E55A83 /* Notoday.xcdatamodel */,
				8103367F291B9A1C00E55A83 /* NoteModel.xcdatamodel */,
			);
			currentVersion = 8103367E291B9A1C00E55A83 /* Notoday.xcdatamodel */;
			path = NoteModel.xcdatamodeld;
			sourceTree = "<group>";
			versionGroupType = wrapper.xcdatamodel;
		};
		81033681291B9A7000E55A83 /* NoteModel.xcdatamodeld */ = {
			isa = XCVersionGroup;
			children = (
				81033682291B9A7000E55A83 /* NoteModel.xcdatamodel */,
			);
			currentVersion = 81033682291B9A7000E55A83 /* NoteModel.xcdatamodel */;
			path = NoteModel.xcdatamodeld;
			sourceTree = "<group>";
			versionGroupType = wrapper.xcdatamodel;
		};
/* End XCVersionGroup section */
	};
	rootObject = 81DE3FE82918DEDE00349EC5 /* Project object */;
}
